
Microsoft Visual Studio Solution File, Format Version 12.00
# Visual Studio 15
VisualStudioVersion = 15.0.27703.2018
MinimumVisualStudioVersion = 10.0.40219.1
Project("{FAE04EC0-301F-11D3-BF4B-00C04F79EFBC}") = "School", "School\School.csproj", "{309FDD6A-EE9F-472C-A3B9-7EF6F1C8C0F6}"
EndProject
Global
	GlobalSection(SolutionConfigurationPlatforms) = preSolution
		Debug|Any CPU = Debug|Any CPU
		Release|Any CPU = Release|Any CPU
	EndGlobalSection
	GlobalSection(ProjectConfigurationPlatforms) = postSolution
		{309FDD6A-EE9F-472C-A3B9-7EF6F1C8C0F6}.Debug|Any CPU.ActiveCfg = Debug|Any CPU
		{309FDD6A-EE9F-472C-A3B9-7EF6F1C8C0F6}.Debug|Any CPU.Build.0 = Debug|Any CPU
		{309FDD6A-EE9F-472C-A3B9-7EF6F1C8C0F6}.Release|Any CPU.ActiveCfg = Release|Any CPU
		{309FDD6A-EE9F-472C-A3B9-7EF6F1C8C0F6}.Release|Any CPU.Build.0 = Release|Any CPU
	EndGlobalSection
	GlobalSection(SolutionProperties) = preSolution
		HideSolutionNode = FALSE
	EndGlobalSection
	GlobalSection(ExtensibilityGlobals) = postSolution
		SolutionGuid = {380F695D-C92F-4212-B5B4-1AE2B0F86316}
	EndGlobalSection
EndGlobal
